
Microsoft Visual Studio Solution File, Format Version 12.00
# Visual Studio 15
Project("{FAE04EC0-301F-11D3-BF4B-00C04F79EFBC}") = "VuforiaScripts", "VuforiaScripts.csproj", "{6F42DC8B-4530-55EE-5872-9AFB1F937422}"
EndProject
Project("{FAE04EC0-301F-11D3-BF4B-00C04F79EFBC}") = "Assembly-CSharp", "Assembly-CSharp.csproj", "{779D3217-ACEB-8AB7-8A85-8C3ABBF69438}"
EndProject
Project("{FAE04EC0-301F-11D3-BF4B-00C04F79EFBC}") = "VuforiaEditorScripts", "VuforiaEditorScripts.csproj", "{544A3977-1925-91C1-9BE0-5D47BC69A93F}"
EndProject
Global
	GlobalSection(SolutionConfigurationPlatforms) = preSolution
		Debug|Any CPU = Debug|Any CPU
		Release|Any CPU = Release|Any CPU
	EndGlobalSection
	GlobalSection(ProjectConfigurationPlatforms) = postSolution
		{6F42DC8B-4530-55EE-5872-9AFB1F937422}.Debug|Any CPU.ActiveCfg = Debug|Any CPU
		{6F42DC8B-4530-55EE-5872-9AFB1F937422}.Debug|Any CPU.Build.0 = Debug|Any CPU
		{6F42DC8B-4530-55EE-5872-9AFB1F937422}.Release|Any CPU.ActiveCfg = Release|Any CPU
		{6F42DC8B-4530-55EE-5872-9AFB1F937422}.Release|Any CPU.Build.0 = Release|Any CPU
		{779D3217-ACEB-8AB7-8A85-8C3ABBF69438}.Debug|Any CPU.ActiveCfg = Debug|Any CPU
		{779D3217-ACEB-8AB7-8A85-8C3ABBF69438}.Debug|Any CPU.Build.0 = Debug|Any CPU
		{779D3217-ACEB-8AB7-8A85-8C3ABBF69438}.Release|Any CPU.ActiveCfg = Release|Any CPU
		{779D3217-ACEB-8AB7-8A85-8C3ABBF69438}.Release|Any CPU.Build.0 = Release|Any CPU
		{544A3977-1925-91C1-9BE0-5D47BC69A93F}.Debug|Any CPU.ActiveCfg = Debug|Any CPU
		{544A3977-1925-91C1-9BE0-5D47BC69A93F}.Debug|Any CPU.Build.0 = Debug|Any CPU
		{544A3977-1925-91C1-9BE0-5D47BC69A93F}.Release|Any CPU.ActiveCfg = Release|Any CPU
		{544A3977-1925-91C1-9BE0-5D47BC69A93F}.Release|Any CPU.Build.0 = Release|Any CPU
	EndGlobalSection
	GlobalSection(SolutionProperties) = preSolution
		HideSolutionNode = FALSE
	EndGlobalSection
	GlobalSection(MonoDevelopProperties) = preSolution
		StartupItem = Assembly-CSharp.csproj
	EndGlobalSection
EndGlobal
